lockfileVersion: 5.3

importers:

  .:
    specifiers:
      prettier: ^2.5.1
    devDependencies:
      prettier: 2.5.1

  apps/server:
    specifiers:
      fastify: ^3.25.3
      fastify-dynamo: workspace:^
    dependencies:
      fastify: 3.25.3
      fastify-dynamo: link:../../packages/fastify-dynamo

  packages/fastify-dynamo:
    specifiers:
      '@aws-sdk/client-dynamodb': ^3.46.0
      fastify: ^3.25.3
      fastify-plugin: ^3.0.0
    dependencies:
      '@aws-sdk/client-dynamodb': 3.46.0
      fastify: 3.25.3
      fastify-plugin: 3.0.0

packages:

  /@aws-crypto/ie11-detection/2.0.0:
    resolution: {integrity: sha512-pkVXf/dq6PITJ0jzYZ69VhL8VFOFoPZLZqtU/12SGnzYuJOOGNfF41q9GxdI1yqC8R13Rq3jOLKDFpUJFT5eTA==}
    dependencies:
      tslib: 1.14.1
    dev: false

  /@aws-crypto/sha256-browser/2.0.0:
    resolution: {integrity: sha512-rYXOQ8BFOaqMEHJrLHul/25ckWH6GTJtdLSajhlqGMx0PmSueAuvboCuZCTqEKlxR8CQOwRarxYMZZSYlhRA1A==}
    dependencies:
      '@aws-crypto/ie11-detection': 2.0.0
      '@aws-crypto/sha256-js': 2.0.0
      '@aws-crypto/supports-web-crypto': 2.0.0
      '@aws-crypto/util': 2.0.1
      '@aws-sdk/types': 3.46.0
      '@aws-sdk/util-locate-window': 3.46.0
      '@aws-sdk/util-utf8-browser': 3.46.0
      tslib: 1.14.1
    dev: false

  /@aws-crypto/sha256-js/2.0.0:
    resolution: {integrity: sha512-VZY+mCY4Nmrs5WGfitmNqXzaE873fcIZDu54cbaDaaamsaTOP1DBImV9F4pICc3EHjQXujyE8jig+PFCaew9ig==}
    dependencies:
      '@aws-crypto/util': 2.0.1
      '@aws-sdk/types': 3.46.0
      tslib: 1.14.1
    dev: false

  /@aws-crypto/supports-web-crypto/2.0.0:
    resolution: {integrity: sha512-Ge7WQ3E0OC7FHYprsZV3h0QIcpdyJLvIeg+uTuHqRYm8D6qCFJoiC+edSzSyFiHtZf+NOQDJ1q46qxjtzIY2nA==}
    dependencies:
      tslib: 1.14.1
    dev: false

  /@aws-crypto/util/2.0.1:
    resolution: {integrity: sha512-JJmFFwvbm08lULw4Nm5QOLg8+lAQeC8aCXK5xrtxntYzYXCGfHwUJ4Is3770Q7HmICsXthGQ+ZsDL7C2uH3yBQ==}
    dependencies:
      '@aws-sdk/types': 3.46.0
      '@aws-sdk/util-utf8-browser': 3.46.0
      tslib: 1.14.1
    dev: false

  /@aws-sdk/abort-controller/3.46.0:
    resolution: {integrity: sha512-XrCocRwajh3jkI/Y2PCZjYUZcJfmCa4DYM5nnW2+w4o7ez7vXEQ1j5FCI+/ogJIqfccnmEIlLZGlfzmc6vVbJw==}
    engines: {node: '>= 12.0.0'}
    dependencies:
      '@aws-sdk/types': 3.46.0
      tslib: 2.3.1
    dev: false

  /@aws-sdk/client-dynamodb/3.46.0:
    resolution: {integrity: sha512-JeS+IcTj4NEX/zf4wK/f3HPgD9b2VyYcVrI5NLccaMdhg17xtJ3Z7gk7BT4/SpF0VWZkUjRIFQzkBEKB3YTx4g==}
    engines: {node: '>=12.0.0'}
    dependencies:
      '@aws-crypto/sha256-browser': 2.0.0
      '@aws-crypto/sha256-js': 2.0.0
      '@aws-sdk/client-sts': 3.46.0
      '@aws-sdk/config-resolver': 3.46.0
      '@aws-sdk/credential-provider-node': 3.46.0
      '@aws-sdk/fetch-http-handler': 3.46.0
      '@aws-sdk/hash-node': 3.46.0
      '@aws-sdk/invalid-dependency': 3.46.0
      '@aws-sdk/middleware-content-length': 3.46.0
      '@aws-sdk/middleware-endpoint-discovery': 3.46.0
      '@aws-sdk/middleware-host-header': 3.46.0
      '@aws-sdk/middleware-logger': 3.46.0
      '@aws-sdk/middleware-retry': 3.46.0
      '@aws-sdk/middleware-serde': 3.46.0
      '@aws-sdk/middleware-signing': 3.46.0
      '@aws-sdk/middleware-stack': 3.46.0
      '@aws-sdk/middleware-user-agent': 3.46.0
      '@aws-sdk/node-config-provider': 3.46.0
      '@aws-sdk/node-http-handler': 3.46.0
      '@aws-sdk/protocol-http': 3.46.0
      '@aws-sdk/smithy-client': 3.46.0
      '@aws-sdk/types': 3.46.0
      '@aws-sdk/url-parser': 3.46.0
      '@aws-sdk/util-base64-browser': 3.46.0
      '@aws-sdk/util-base64-node': 3.46.0
      '@aws-sdk/util-body-length-browser': 3.46.0
      '@aws-sdk/util-body-length-node': 3.46.0
      '@aws-sdk/util-user-agent-browser': 3.46.0
      '@aws-sdk/util-user-agent-node': 3.46.0
      '@aws-sdk/util-utf8-browser': 3.46.0
      '@aws-sdk/util-utf8-node': 3.46.0
      '@aws-sdk/util-waiter': 3.46.0
      tslib: 2.3.1
      uuid: 8.3.2
    dev: false

  /@aws-sdk/client-sso/3.46.0:
    resolution: {integrity: sha512-n+dHT9azUW4pFA7a98gV/qFYdNwoMQ/4Y4tvPE28s9CKx8O0OIDlOwLPrhSBETCuRJNfnug1vNnFIzvOapfCkg==}
    engines: {node: '>=12.0.0'}
    dependencies:
      '@aws-crypto/sha256-browser': 2.0.0
      '@aws-crypto/sha256-js': 2.0.0
      '@aws-sdk/config-resolver': 3.46.0
      '@aws-sdk/fetch-http-handler': 3.46.0
      '@aws-sdk/hash-node': 3.46.0
      '@aws-sdk/invalid-dependency': 3.46.0
      '@aws-sdk/middleware-content-length': 3.46.0
      '@aws-sdk/middleware-host-header': 3.46.0
      '@aws-sdk/middleware-logger': 3.46.0
      '@aws-sdk/middleware-retry': 3.46.0
      '@aws-sdk/middleware-serde': 3.46.0
      '@aws-sdk/middleware-stack': 3.46.0
      '@aws-sdk/middleware-user-agent': 3.46.0
      '@aws-sdk/node-config-provider': 3.46.0
      '@aws-sdk/node-http-handler': 3.46.0
      '@aws-sdk/protocol-http': 3.46.0
      '@aws-sdk/smithy-client': 3.46.0
      '@aws-sdk/types': 3.46.0
      '@aws-sdk/url-parser': 3.46.0
      '@aws-sdk/util-base64-browser': 3.46.0
      '@aws-sdk/util-base64-node': 3.46.0
      '@aws-sdk/util-body-length-browser': 3.46.0
      '@aws-sdk/util-body-length-node': 3.46.0
      '@aws-sdk/util-user-agent-browser': 3.46.0
      '@aws-sdk/util-user-agent-node': 3.46.0
      '@aws-sdk/util-utf8-browser': 3.46.0
      '@aws-sdk/util-utf8-node': 3.46.0
      tslib: 2.3.1
    dev: false

  /@aws-sdk/client-sts/3.46.0:
    resolution: {integrity: sha512-iZqMLOYZ0/x19towcaqdL6zEfFRSPQKEZjbBKujeHlWNEi0ldlCt3a5R3V0nntoaPoa6bopUxRYj3VTLGD43Sg==}
    engines: {node: '>=12.0.0'}
    dependencies:
      '@aws-crypto/sha256-browser': 2.0.0
      '@aws-crypto/sha256-js': 2.0.0
      '@aws-sdk/config-resolver': 3.46.0
      '@aws-sdk/credential-provider-node': 3.46.0
      '@aws-sdk/fetch-http-handler': 3.46.0
      '@aws-sdk/hash-node': 3.46.0
      '@aws-sdk/invalid-dependency': 3.46.0
      '@aws-sdk/middleware-content-length': 3.46.0
      '@aws-sdk/middleware-host-header': 3.46.0
      '@aws-sdk/middleware-logger': 3.46.0
      '@aws-sdk/middleware-retry': 3.46.0
      '@aws-sdk/middleware-sdk-sts': 3.46.0
      '@aws-sdk/middleware-serde': 3.46.0
      '@aws-sdk/middleware-signing': 3.46.0
      '@aws-sdk/middleware-stack': 3.46.0
      '@aws-sdk/middleware-user-agent': 3.46.0
      '@aws-sdk/node-config-provider': 3.46.0
      '@aws-sdk/node-http-handler': 3.46.0
      '@aws-sdk/protocol-http': 3.46.0
      '@aws-sdk/smithy-client': 3.46.0
      '@aws-sdk/types': 3.46.0
      '@aws-sdk/url-parser': 3.46.0
      '@aws-sdk/util-base64-browser': 3.46.0
      '@aws-sdk/util-base64-node': 3.46.0
      '@aws-sdk/util-body-length-browser': 3.46.0
      '@aws-sdk/util-body-length-node': 3.46.0
      '@aws-sdk/util-user-agent-browser': 3.46.0
      '@aws-sdk/util-user-agent-node': 3.46.0
      '@aws-sdk/util-utf8-browser': 3.46.0
      '@aws-sdk/util-utf8-node': 3.46.0
      entities: 2.2.0
      fast-xml-parser: 3.19.0
      tslib: 2.3.1
    dev: false

  /@aws-sdk/config-resolver/3.46.0:
    resolution: {integrity: sha512-R7YGDhvVE1VIS7uyjG3rZE1nrRu/+YVBq/pPlq5f4Tis3EoUooPfr5yYOVAuZI1CGsgycbCi6jnaqLGIfxUFmQ==}
    engines: {node: '>= 12.0.0'}
    dependencies:
      '@aws-sdk/signature-v4': 3.46.0
      '@aws-sdk/types': 3.46.0
      '@aws-sdk/util-config-provider': 3.46.0
      tslib: 2.3.1
    dev: false

  /@aws-sdk/credential-provider-env/3.46.0:
    resolution: {integrity: sha512-dBCyVBJ1nVi+lvM1jV6LFw8FpGjdeCglLMTmZUxJLBMh/Lp+GWtnGxd7u38WnH5gxKC4xLnYj9zP1t0ha1tGzQ==}
    engines: {node: '>= 12.0.0'}
    dependencies:
      '@aws-sdk/property-provider': 3.46.0
      '@aws-sdk/types': 3.46.0
      tslib: 2.3.1
    dev: false

  /@aws-sdk/credential-provider-imds/3.46.0:
    resolution: {integrity: sha512-nQidNDq6mjas/wFOi9XvHkvNmzM/XdSB/eRh6CH+wQeb8RjAlGm2Ivg0mpz/iIxjPXDIduW8aI/gFU3+3um6CQ==}
    engines: {node: '>= 12.0.0'}
    dependencies:
      '@aws-sdk/node-config-provider': 3.46.0
      '@aws-sdk/property-provider': 3.46.0
      '@aws-sdk/types': 3.46.0
      '@aws-sdk/url-parser': 3.46.0
      tslib: 2.3.1
    dev: false

  /@aws-sdk/credential-provider-ini/3.46.0:
    resolution: {integrity: sha512-D+3YLWzCaFUUcbLHAsJIoaI8AhoSpIl3c0a3spVN64f+V1XtwunbJO6VXsIF78RLe0kTP7IA/Rey86ydQVeqcw==}
    engines: {node: '>= 12.0.0'}
    dependencies:
      '@aws-sdk/credential-provider-env': 3.46.0
      '@aws-sdk/credential-provider-imds': 3.46.0
      '@aws-sdk/credential-provider-sso': 3.46.0
      '@aws-sdk/credential-provider-web-identity': 3.46.0
      '@aws-sdk/property-provider': 3.46.0
      '@aws-sdk/shared-ini-file-loader': 3.46.0
      '@aws-sdk/types': 3.46.0
      '@aws-sdk/util-credentials': 3.46.0
      tslib: 2.3.1
    dev: false

  /@aws-sdk/credential-provider-node/3.46.0:
    resolution: {integrity: sha512-TrlGFBpIEHy7SnFOL8bE4IUC1Albxg1aSYgU92dzjGe1HhUSOzFABZhqwzfoo/xTCuS/DnA+2aTVD+hRR9t1Mw==}
    engines: {node: '>=12.0.0'}
    dependencies:
      '@aws-sdk/credential-provider-env': 3.46.0
      '@aws-sdk/credential-provider-imds': 3.46.0
      '@aws-sdk/credential-provider-ini': 3.46.0
      '@aws-sdk/credential-provider-process': 3.46.0
      '@aws-sdk/credential-provider-sso': 3.46.0
      '@aws-sdk/credential-provider-web-identity': 3.46.0
      '@aws-sdk/property-provider': 3.46.0
      '@aws-sdk/shared-ini-file-loader': 3.46.0
      '@aws-sdk/types': 3.46.0
      '@aws-sdk/util-credentials': 3.46.0
      tslib: 2.3.1
    dev: false

  /@aws-sdk/credential-provider-process/3.46.0:
    resolution: {integrity: sha512-uW2+NgsqAJmQDQ6Y5t+U6E3LjLTEc06FCtJZIdYmfSGnsZoVH26DDIDg92G1ptFF8AzV26aypF2kjiRVRhIwDQ==}
    engines: {node: '>= 12.0.0'}
    dependencies:
      '@aws-sdk/property-provider': 3.46.0
      '@aws-sdk/shared-ini-file-loader': 3.46.0
      '@aws-sdk/types': 3.46.0
      '@aws-sdk/util-credentials': 3.46.0
      tslib: 2.3.1
    dev: false

  /@aws-sdk/credential-provider-sso/3.46.0:
    resolution: {integrity: sha512-y3zv6FtaEu1cjtun6vQ1S/2aya70cPjCcoQhSrsH9TDYXp/ZRk4PN6xdVGGpkZX2kZhowGU5DvhOGK48IqrNZg==}
    engines: {node: '>= 12.0.0'}
    dependencies:
      '@aws-sdk/client-sso': 3.46.0
      '@aws-sdk/property-provider': 3.46.0
      '@aws-sdk/shared-ini-file-loader': 3.46.0
      '@aws-sdk/types': 3.46.0
      '@aws-sdk/util-credentials': 3.46.0
      tslib: 2.3.1
    dev: false

  /@aws-sdk/credential-provider-web-identity/3.46.0:
    resolution: {integrity: sha512-VUNTS9HjwLRmS2OQ+i4tqVJBUpk/DjIT0sWUDnKBcC6UCyGOkVmBVisCvUHpwyCLCgYbCvTab1SfrJ8dZsN83w==}
    engines: {node: '>= 12.0.0'}
    dependencies:
      '@aws-sdk/property-provider': 3.46.0
      '@aws-sdk/types': 3.46.0
      tslib: 2.3.1
    dev: false

  /@aws-sdk/endpoint-cache/3.46.0:
    resolution: {integrity: sha512-j9oI7YumvSr3fJN9NWSijM9zeHQztCu8HJ08I8NesWlxuwnsAlquWZ9ZW3ODi1+O964fWKWjk6raDO/7LL/HsQ==}
    engines: {node: '>= 12.0.0'}
    dependencies:
      mnemonist: 0.38.3
      tslib: 2.3.1
    dev: false

  /@aws-sdk/fetch-http-handler/3.46.0:
    resolution: {integrity: sha512-uOfdwbUCG+2LQ4iMkxD/izlzjnIrB5P5HtH7L5w1EFIsdxDXeFnnql0FaEcOvaEEg2rs9z0t+oLwMJZnNNtqAg==}
    dependencies:
      '@aws-sdk/protocol-http': 3.46.0
      '@aws-sdk/querystring-builder': 3.46.0
      '@aws-sdk/types': 3.46.0
      '@aws-sdk/util-base64-browser': 3.46.0
      tslib: 2.3.1
    dev: false

  /@aws-sdk/hash-node/3.46.0:
    resolution: {integrity: sha512-rABF9k5uSJdqmwBeYnu+2+iWEmPNVsoBy9bwLvEmGfh557wAwh3dL5IDf+NiIFrd8GTOF/2HV1477XXBl15C0g==}
    engines: {node: '>= 12.0.0'}
    dependencies:
      '@aws-sdk/types': 3.46.0
      '@aws-sdk/util-buffer-from': 3.46.0
      tslib: 2.3.1
    dev: false

  /@aws-sdk/invalid-dependency/3.46.0:
    resolution: {integrity: sha512-KumWtDstAKpKRQbHA95AeHpBNtxCXHVbUk+nFAiXcBP281yEalUbyK0W5Q2bDl26L3z6zHodg3OJllHYavJKMg==}
    dependencies:
      '@aws-sdk/types': 3.46.0
      tslib: 2.3.1
    dev: false

  /@aws-sdk/is-array-buffer/3.46.0:
    resolution: {integrity: sha512-HcQtJgZDQgo7ivD79GF82pTf+zYGjsgzKG7lkUBEetSfkV0W8h6XfhN6DmuYQuCcu1Pt9IkN7haYNPiPdfDhvg==}
    engines: {node: '>= 12.0.0'}
    dependencies:
      tslib: 2.3.1
    dev: false

  /@aws-sdk/middleware-content-length/3.46.0:
    resolution: {integrity: sha512-Vf17vKAZ9n2ZlkMoHmCXMHAJegw3djC8qxe2sGdHSGyozfJNpA77ec32ldLvBtQ82LPmSaqdhcbP0/oYCalnzA==}
    engines: {node: '>= 12.0.0'}
    dependencies:
      '@aws-sdk/protocol-http': 3.46.0
      '@aws-sdk/types': 3.46.0
      tslib: 2.3.1
    dev: false

  /@aws-sdk/middleware-endpoint-discovery/3.46.0:
    resolution: {integrity: sha512-IT2Aue0ZL07ggQD0RZEysebyakzcjAeLfQOdwQJ/huZNDV0IaE9T2sl6UPjNcGon0eYGf0A1sGRygW+6tDMHJA==}
    engines: {node: '>= 12.0.0'}
    dependencies:
      '@aws-sdk/config-resolver': 3.46.0
      '@aws-sdk/endpoint-cache': 3.46.0
      '@aws-sdk/protocol-http': 3.46.0
      '@aws-sdk/types': 3.46.0
      tslib: 2.3.1
    dev: false

  /@aws-sdk/middleware-host-header/3.46.0:
    resolution: {integrity: sha512-I+WsUzpyzS9l5Dt64kyp7v+9KeYPOCviYmVw2kM1EZRdAeo+jiCRxU5LnDJ9ORxfRwGcEmQV7xb4UpqXcn2N6Q==}
    engines: {node: '>= 12.0.0'}
    dependencies:
      '@aws-sdk/protocol-http': 3.46.0
      '@aws-sdk/types': 3.46.0
      tslib: 2.3.1
    dev: false

  /@aws-sdk/middleware-logger/3.46.0:
    resolution: {integrity: sha512-xkB98tfZc1pSeks0a7jagYIVHxJfoxHX7wcASzBa3IjyodZpSqDW392edF9c3kSCv6G6PGRbG+F1F6j7ZTVpRQ==}
    engines: {node: '>= 12.0.0'}
    dependencies:
      '@aws-sdk/types': 3.46.0
      tslib: 2.3.1
    dev: false

  /@aws-sdk/middleware-retry/3.46.0:
    resolution: {integrity: sha512-YkNNs2dUcriLwy4pYG7nfa850tD8dtFUeE/IQ+YBMbWDedT31UFkCfHUdjBK1GFbIv+G1N+ZVGBCkWq1OuhKXw==}
    engines: {node: '>= 12.0.0'}
    dependencies:
      '@aws-sdk/protocol-http': 3.46.0
      '@aws-sdk/service-error-classification': 3.46.0
      '@aws-sdk/types': 3.46.0
      tslib: 2.3.1
      uuid: 8.3.2
    dev: false

  /@aws-sdk/middleware-sdk-sts/3.46.0:
    resolution: {integrity: sha512-JcLwMBqg0ZsHU79e4VixU7e2YI+pktRuI9HXKc4Aoic+h65TXOzB3KjAllweUNjQtc6ZZvqYdd9WJ6PFs1X93A==}
    engines: {node: '>= 12.0.0'}
    dependencies:
      '@aws-sdk/middleware-signing': 3.46.0
      '@aws-sdk/property-provider': 3.46.0
      '@aws-sdk/protocol-http': 3.46.0
      '@aws-sdk/signature-v4': 3.46.0
      '@aws-sdk/types': 3.46.0
      tslib: 2.3.1
    dev: false

  /@aws-sdk/middleware-serde/3.46.0:
    resolution: {integrity: sha512-5M56VUm/stsSabauHxFrv1BSoH0VPyMB1V4vewAD3cp5YGiUpChYxjhcBbzi0QvI65HLxa6nLedwrE+g1uVJ1Q==}
    engines: {node: '>= 12.0.0'}
    dependencies:
      '@aws-sdk/types': 3.46.0
      tslib: 2.3.1
    dev: false

  /@aws-sdk/middleware-signing/3.46.0:
    resolution: {integrity: sha512-wyv58cufJ2mWtpgfdMYs2ZPnyGadgnaZpWpdoVTpSte8PyUXjRiaR8dLkj84DWUurT6m1h7NEPIHgL6+W1Wwfg==}
    engines: {node: '>= 12.0.0'}
    dependencies:
      '@aws-sdk/property-provider': 3.46.0
      '@aws-sdk/protocol-http': 3.46.0
      '@aws-sdk/signature-v4': 3.46.0
      '@aws-sdk/types': 3.46.0
      tslib: 2.3.1
    dev: false

  /@aws-sdk/middleware-stack/3.46.0:
    resolution: {integrity: sha512-+3SmpYo12i9Gn7L/HEJqAv5+OieZL9zfXungFKr96rTpcvYDZWQblTP3tugBtvGV6V4tzvebMkUTWxBB6p+dhQ==}
    engines: {node: '>= 12.0.0'}
    dependencies:
      tslib: 2.3.1
    dev: false

  /@aws-sdk/middleware-user-agent/3.46.0:
    resolution: {integrity: sha512-n9VEWlIXxbJXCr2IpocNJQUW7dhCdAcPKmxV0T5LZ/AygKsLvbWy40u2Qm9/eB1MYpqiheeb5MsY3UXxHgnOlg==}
    engines: {node: '>= 12.0.0'}
    dependencies:
      '@aws-sdk/protocol-http': 3.46.0
      '@aws-sdk/types': 3.46.0
      tslib: 2.3.1
    dev: false

  /@aws-sdk/node-config-provider/3.46.0:
    resolution: {integrity: sha512-Hzz860d1GNZSSX74TywfUu125l8BT6JkJuKG0QDhuC+9xklNfC1hgziihldHu6xL7DzY5UKgjyzdNBQfqCqLbw==}
    engines: {node: '>= 12.0.0'}
    dependencies:
      '@aws-sdk/property-provider': 3.46.0
      '@aws-sdk/shared-ini-file-loader': 3.46.0
      '@aws-sdk/types': 3.46.0
      tslib: 2.3.1
    dev: false

  /@aws-sdk/node-http-handler/3.46.0:
    resolution: {integrity: sha512-SqeKskt47u/ZIeN5b6lmjOAx0yLiY/WDQ6N9Z6LRJCYiSZ7oHflA1jPWkX20qWOKioa2iHBVTNNX2lu8yFkWbg==}
    engines: {node: '>= 12.0.0'}
    dependencies:
      '@aws-sdk/abort-controller': 3.46.0
      '@aws-sdk/protocol-http': 3.46.0
      '@aws-sdk/querystring-builder': 3.46.0
      '@aws-sdk/types': 3.46.0
      tslib: 2.3.1
    dev: false

  /@aws-sdk/property-provider/3.46.0:
    resolution: {integrity: sha512-e3Jcds7G1Hg5VDvwLox0HlQq4G2fvmkO1BRPvM8WfRGvxRNK40dqoelm2NMtbNK0KgFPIpKsGeX1UhZDt9Od9w==}
    engines: {node: '>= 12.0.0'}
    dependencies:
      '@aws-sdk/types': 3.46.0
      tslib: 2.3.1
    dev: false

  /@aws-sdk/protocol-http/3.46.0:
    resolution: {integrity: sha512-hKqHYEp/JDfOl5kZKp0CRgvbsg+c52Ss4KwuRoU9vA56VZ5TpfgHznajdme97xedsE40hnZeitv2BKEMbkYCqg==}
    engines: {node: '>= 12.0.0'}
    dependencies:
      '@aws-sdk/types': 3.46.0
      tslib: 2.3.1
    dev: false

  /@aws-sdk/querystring-builder/3.46.0:
    resolution: {integrity: sha512-YYGRK291ro+KR3TX0jjyGRdMGHn6D2CBD89oXj8tAV3djeMIpFSGDrEL+NKeJvp7aBNlEnQ9kSfzyQuzQVvJWA==}
    engines: {node: '>= 12.0.0'}
    dependencies:
      '@aws-sdk/types': 3.46.0
      '@aws-sdk/util-uri-escape': 3.46.0
      tslib: 2.3.1
    dev: false

  /@aws-sdk/querystring-parser/3.46.0:
    resolution: {integrity: sha512-xxTnIXLbx4Jq16Utza7wh4HpPfVyCL0c+6NU2t+kXZ2sgOWhx2XAhShcZVbEkA/61UAMEIhyNBVE+z9OFz6X5g==}
    engines: {node: '>= 12.0.0'}
    dependencies:
      '@aws-sdk/types': 3.46.0
      tslib: 2.3.1
    dev: false

  /@aws-sdk/service-error-classification/3.46.0:
    resolution: {integrity: sha512-hFDh/qtvKX9xUPxjGiDvumKsoO/3+eL4hi6X3qWN8lHg49wixjwcwlCEPn9jhdFJ9TRXc20CgPxWv4+V96Yf/A==}
    engines: {node: '>= 12.0.0'}
    dev: false

  /@aws-sdk/shared-ini-file-loader/3.46.0:
    resolution: {integrity: sha512-Rp7Z1X23kvyRCziOxXu2PYCCPT5CQ5t8O4WoKrEkMT9Vqm2gluXOcCnL4iOpRkSRGEZT7lfe5OCM8ApNRTIHpQ==}
    engines: {node: '>= 12.0.0'}
    dependencies:
      tslib: 2.3.1
    dev: false

  /@aws-sdk/signature-v4/3.46.0:
    resolution: {integrity: sha512-qtI1t0CrEhVCxaezmmBpMe1WmQxdxho8oPiMEKWIUkkXQFg78Eg3jnXlLhjL4+MGHMqBB3mV7nGO6k8qu8H9rA==}
    engines: {node: '>= 12.0.0'}
    dependencies:
      '@aws-sdk/is-array-buffer': 3.46.0
      '@aws-sdk/types': 3.46.0
      '@aws-sdk/util-hex-encoding': 3.46.0
      '@aws-sdk/util-uri-escape': 3.46.0
      tslib: 2.3.1
    dev: false

  /@aws-sdk/smithy-client/3.46.0:
    resolution: {integrity: sha512-Dzx4CR+rOkr5hXbLhnOfnrPWmSs4O9BTjFWD+4oh+RTXq0It8g+fWZxPcdvRCDU4GjS9Gtbkw0f0pN3FMCEszQ==}
    engines: {node: '>= 12.0.0'}
    dependencies:
      '@aws-sdk/middleware-stack': 3.46.0
      '@aws-sdk/types': 3.46.0
      tslib: 2.3.1
    dev: false

  /@aws-sdk/types/3.46.0:
    resolution: {integrity: sha512-yhrkVVyv4RUt3KqDDyEayjBM5dRBtuS486THeqtSghUYNV7M/cW18TA3gdMC0pRGgUqfKrOysdBZjCyPrYNvuA==}
    engines: {node: '>= 12.0.0'}
    dev: false

  /@aws-sdk/url-parser/3.46.0:
    resolution: {integrity: sha512-foMB0AC3QDy+KfvRxsMXvJQZXr9CMzdupcNIXwKRZog82tEEc09dVeUjuJrO4H+A2eK84SyawRfy+ow+LRqvqw==}
    dependencies:
      '@aws-sdk/querystring-parser': 3.46.0
      '@aws-sdk/types': 3.46.0
      tslib: 2.3.1
    dev: false

  /@aws-sdk/util-base64-browser/3.46.0:
    resolution: {integrity: sha512-oDlExDHYVOXsHFwFCA+CxZlGiHWeO53l0xoohpTIwGV6u48jED/4GrNM6iWVT6Vwd4skqtRMM41IHXjtiCtp/g==}
    dependencies:
      tslib: 2.3.1
    dev: false

  /@aws-sdk/util-base64-node/3.46.0:
    resolution: {integrity: sha512-/ruNBm21Ptk+IGhwTphs8j5oDCjNIrUSipDoRtUuMGQR9TnNzup0e+sJDqP0BrKKM+tcvqEUhz+MScxbwJrwmg==}
    engines: {node: '>= 12.0.0'}
    dependencies:
      '@aws-sdk/util-buffer-from': 3.46.0
      tslib: 2.3.1
    dev: false

  /@aws-sdk/util-body-length-browser/3.46.0:
    resolution: {integrity: sha512-OJgMlBv4gEdmHCdZO9htysz9GMw0mS7qB3I5CbZ2aBOM0NvmaU7nqI6zYCoEmGh0keq0CnMBlNZhBBAwtiKYqg==}
    dependencies:
      tslib: 2.3.1
    dev: false

  /@aws-sdk/util-body-length-node/3.46.0:
    resolution: {integrity: sha512-jyD+2c7iaD4Aih93Fm4I183SbdhSy4FNmSlK49PctMVVF+QSpzQxAJvv/nTwq37Kb8orVvs+sgy2FF3lxfOUJg==}
    engines: {node: '>= 12.0.0'}
    dependencies:
      tslib: 2.3.1
    dev: false

  /@aws-sdk/util-buffer-from/3.46.0:
    resolution: {integrity: sha512-e3avbwAUULpPCk4ke9ctrhAwxcXvMv8FYymNJDEN7+9lqZ4XqAjPt+R+IEEFMEbWmIPeZ8TpLw3yuru1Z74iuA==}
    engines: {node: '>= 12.0.0'}
    dependencies:
      '@aws-sdk/is-array-buffer': 3.46.0
      tslib: 2.3.1
    dev: false

  /@aws-sdk/util-config-provider/3.46.0:
    resolution: {integrity: sha512-KzzusGkvmb1uy3EItl+9YRxOOtjmU6iaAi9pBzHR2fiv13EMVNZrycVFPeGwz6LrsAEumKmTAZjR6c8BRbxtjw==}
    engines: {node: '>= 12.0.0'}
    dependencies:
      tslib: 2.3.1
    dev: false

  /@aws-sdk/util-credentials/3.46.0:
    resolution: {integrity: sha512-d5bDyCDVYi6ThBY8AntAKooExayFuLUnCXsDkmmWpHlp26JZv9s1/DsXR219ELgu8jIAWiID54HjfEYf8qa6Vw==}
    engines: {node: '>= 12.0.0'}
    dependencies:
      '@aws-sdk/shared-ini-file-loader': 3.46.0
      tslib: 2.3.1
    dev: false

  /@aws-sdk/util-hex-encoding/3.46.0:
    resolution: {integrity: sha512-A831jS32tbdjki4ihS0BIZ3HAi1gv2PtLmAjAW+PHVvBd0S4OpbQApKxKPu0w+NKsp9XQYfkEkeFKCcMqN1zhg==}
    engines: {node: '>= 12.0.0'}
    dependencies:
      tslib: 2.3.1
    dev: false

  /@aws-sdk/util-locate-window/3.46.0:
    resolution: {integrity: sha512-g6V/7mozjlP2HhwHHgGgoOvcNRJasIQjh7ClkCMrMilfthD4WNtkWfcAZQD+BaPKkSgj8MnIOFvFzqULGeNQXA==}
    engines: {node: '>= 12.0.0'}
    dependencies:
      tslib: 2.3.1
    dev: false

  /@aws-sdk/util-uri-escape/3.46.0:
    resolution: {integrity: sha512-drAHEt3YnI6H6NpiTFLFT8e75bOhaO94ZP+kqz/0hluQiKX47Pow3Ar3Diaf/CUMLctH0IX3AaN3T2ve5v19lQ==}
    engines: {node: '>= 12.0.0'}
    dependencies:
      tslib: 2.3.1
    dev: false

  /@aws-sdk/util-user-agent-browser/3.46.0:
    resolution: {integrity: sha512-wwUh4H6+ur9akctoSgaz41J8JuRrOqey4aY68DmDQ0did3UjhRlbPD3xu0umXoPSgmtqQyl34oMPqCOfA70Z0Q==}
    dependencies:
      '@aws-sdk/types': 3.46.0
      bowser: 2.11.0
      tslib: 2.3.1
    dev: false

  /@aws-sdk/util-user-agent-node/3.46.0:
    resolution: {integrity: sha512-JCY8mKWPic0aXtz7amKXWyjbX8fhdOkRcgsCCnevOHc/7KOxwa97VnDT555GNQ76LO+cEDgYueHklUayV3u+IA==}
    engines: {node: '>= 12.0.0'}
    dependencies:
      '@aws-sdk/node-config-provider': 3.46.0
      '@aws-sdk/types': 3.46.0
      tslib: 2.3.1
    dev: false

  /@aws-sdk/util-utf8-browser/3.46.0:
    resolution: {integrity: sha512-zafI5Y7hRVC0vhJ77FPUyBckmpF2v2ZEKFC79AdwdFX11l7XNmq0hY/4CWVYeZ2L0Fyk0UV6eeKyk/TNdce0mg==}
    dependencies:
      tslib: 2.3.1
    dev: false

  /@aws-sdk/util-utf8-node/3.46.0:
    resolution: {integrity: sha512-Uk9hQrWQowU4ymtSxrxiIp7GnBoZfkKGSeWDy2h/1Biaexq9FQclbgwa0ZhA5lKLDj/nUxnXoT/ZcY90mTdzzQ==}
    engines: {node: '>= 12.0.0'}
    dependencies:
      '@aws-sdk/util-buffer-from': 3.46.0
      tslib: 2.3.1
    dev: false

  /@aws-sdk/util-waiter/3.46.0:
    resolution: {integrity: sha512-rn1bf9whuHfarNTFSRnFIupRlfN+L28hRZL8PClgyxa0WqpzG0goN6M+opuYnbKrTazyqktxpUTg/fHHoQiveA==}
    engines: {node: '>= 12.0.0'}
    dependencies:
      '@aws-sdk/abort-controller': 3.46.0
      '@aws-sdk/types': 3.46.0
      tslib: 2.3.1
    dev: false

  /@fastify/ajv-compiler/1.1.0:
    resolution: {integrity: sha512-gvCOUNpXsWrIQ3A4aXCLIdblL0tDq42BG/2Xw7oxbil9h11uow10ztS2GuFazNBfjbrsZ5nl+nPl5jDSjj5TSg==}
    dependencies:
      ajv: 6.12.6
    dev: false

  /abstract-logging/2.0.1:
    resolution: {integrity: sha512-2BjRTZxTPvheOvGbBslFSYOUkr+SjPtOnrLP33f+VIWLzezQpZcqVg7ja3L4dBXmzzgwT+a029jRx5PCi3JuiA==}
    dev: false

  /ajv/6.12.6:
    resolution: {integrity: sha512-j3fVLgvTo527anyYyJOGTYJbG+vnnQYvE0m5mmkc1TK+nxAppkCLMIL0aZ4dblVCNoGShhm+kzE4ZUykBoMg4g==}
    dependencies:
      fast-deep-equal: 3.1.3
      fast-json-stable-stringify: 2.1.0
      json-schema-traverse: 0.4.1
      uri-js: 4.4.1
    dev: false

  /ajv/8.8.2:
    resolution: {integrity: sha512-x9VuX+R/jcFj1DHo/fCp99esgGDWiHENrKxaCENuCxpoMCmAt/COCGVDwA7kleEpEzJjDnvh3yGoOuLu0Dtllw==}
    dependencies:
      fast-deep-equal: 3.1.3
      json-schema-traverse: 1.0.0
      require-from-string: 2.0.2
      uri-js: 4.4.1
    dev: false

  /archy/1.0.0:
    resolution: {integrity: sha1-+cjBN1fMHde8N5rHeyxipcKGjEA=}
    dev: false

  /atomic-sleep/1.0.0:
    resolution: {integrity: sha512-kNOjDqAh7px0XWNI+4QbzoiR/nTkHAWNud2uvnJquD1/x5a7EQZMJT0AczqK0Qn67oY/TTQ1LbUKajZpp3I9tQ==}
    engines: {node: '>=8.0.0'}
    dev: false

  /avvio/7.2.2:
    resolution: {integrity: sha512-XW2CMCmZaCmCCsIaJaLKxAzPwF37fXi1KGxNOvedOpeisLdmxZnblGc3hpHWYnlP+KOUxZsazh43WXNHgXpbqw==}
    dependencies:
      archy: 1.0.0
      debug: 4.3.3
      fastq: 1.13.0
      queue-microtask: 1.2.3
    transitivePeerDependencies:
      - supports-color
    dev: false

  /bowser/2.11.0:
    resolution: {integrity: sha512-AlcaJBi/pqqJBIQ8U9Mcpc9i8Aqxn88Skv5d+xBX006BY5u8N3mGLHa5Lgppa7L/HfwgwLgZ6NYs+Ag6uUmJRA==}
    dev: false

  /cookie/0.4.1:
    resolution: {integrity: sha512-ZwrFkGJxUR3EIoXtO+yVE69Eb7KlixbaeAWfBQB9vVsNn/o+Yw69gBWSSDK825hQNdN+wF8zELf3dFNl/kxkUA==}
    engines: {node: '>= 0.6'}
    dev: false

  /debug/4.3.3:
    resolution: {integrity: sha512-/zxw5+vh1Tfv+4Qn7a5nsbcJKPaSvCDhojn6FEl9vupwK2VCSDtEiEtqr8DFtzYFOdz63LBkxec7DYuc2jon6Q==}
    engines: {node: '>=6.0'}
    peerDependencies:
      supports-color: '*'
    peerDependenciesMeta:
      supports-color:
        optional: true
    dependencies:
      ms: 2.1.2
    dev: false

  /deepmerge/4.2.2:
    resolution: {integrity: sha512-FJ3UgI4gIl+PHZm53knsuSFpE+nESMr7M4v9QcgB7S63Kj/6WqMiFQJpBBYz1Pt+66bZpP3Q7Lye0Oo9MPKEdg==}
    engines: {node: '>=0.10.0'}
    dev: false

  /entities/2.2.0:
    resolution: {integrity: sha512-p92if5Nz619I0w+akJrLZH0MX0Pb5DX39XOwQTtXSdQQOaYH03S1uIQp4mhOZtAXrxq4ViO67YTiLBo2638o9A==}
    dev: false

  /fast-decode-uri-component/1.0.1:
    resolution: {integrity: sha512-WKgKWg5eUxvRZGwW8FvfbaH7AXSh2cL+3j5fMGzUMCxWBJ3dV3a7Wz8y2f/uQ0e3B6WmodD3oS54jTQ9HVTIIg==}
    dev: false

  /fast-deep-equal/3.1.3:
    resolution: {integrity: sha512-f3qQ9oQy9j2AhBe/H9VC91wLmKBCCU/gDOnKNAYG5hswO7BLKj09Hc5HYNz9cGI++xlpDCIgDaitVs03ATR84Q==}
    dev: false

  /fast-json-stable-stringify/2.1.0:
    resolution: {integrity: sha512-lhd/wF+Lk98HZoTCtlVraHtfh5XYijIjalXck7saUtuanSDyLMxnHhSXEDJqHxD7msR8D0uCmqlkwjCV8xvwHw==}
    dev: false

  /fast-json-stringify/2.7.13:
    resolution: {integrity: sha512-ar+hQ4+OIurUGjSJD1anvYSDcUflywhKjfxnsW4TBTD7+u0tJufv6DKRWoQk3vI6YBOWMoz0TQtfbe7dxbQmvA==}
    engines: {node: '>= 10.0.0'}
    dependencies:
      ajv: 6.12.6
      deepmerge: 4.2.2
      rfdc: 1.3.0
      string-similarity: 4.0.4
    dev: false

  /fast-redact/3.0.2:
    resolution: {integrity: sha512-YN+CYfCVRVMUZOUPeinHNKgytM1wPI/C/UCLEi56EsY2dwwvI00kIJHJoI7pMVqGoMew8SMZ2SSfHKHULHXDsg==}
    engines: {node: '>=6'}
    dev: false

  /fast-safe-stringify/2.1.1:
    resolution: {integrity: sha512-W+KJc2dmILlPplD/H4K9l9LcAHAfPtP6BY84uVLXQ6Evcz9Lcg33Y2z1IVblT6xdY54PXYVHEv+0Wpq8Io6zkA==}
    dev: false

  /fast-xml-parser/3.19.0:
    resolution: {integrity: sha512-4pXwmBplsCPv8FOY1WRakF970TjNGnGnfbOnLqjlYvMiF1SR3yOHyxMR/YCXpPTOspNF5gwudqktIP4VsWkvBg==}
    hasBin: true
    dev: false

  /fastify-error/0.3.1:
    resolution: {integrity: sha512-oCfpcsDndgnDVgiI7bwFKAun2dO+4h84vBlkWsWnz/OUK9Reff5UFoFl241xTiLeHWX/vU9zkDVXqYUxjOwHcQ==}
    dev: false

  /fastify-plugin/3.0.0:
    resolution: {integrity: sha512-ZdCvKEEd92DNLps5n0v231Bha8bkz1DjnPP/aEz37rz/q42Z5JVLmgnqR4DYuNn3NXAO3IDCPyRvgvxtJ4Ym4w==}
    dev: false

  /fastify-warning/0.2.0:
    resolution: {integrity: sha512-s1EQguBw/9qtc1p/WTY4eq9WMRIACkj+HTcOIK1in4MV5aFaQC9ZCIt0dJ7pr5bIf4lPpHvAtP2ywpTNgs7hqw==}
    dev: false

  /fastify/3.25.3:
    resolution: {integrity: sha512-20SbobjjMfjGNCU4PlcZis3d5XLDtQxIbcAf6ogi/8zPxRxOOkKwfjmj7yW9Q1VnxDpBwcllwPtbZ/LyvQzXbQ==}
    dependencies:
      '@fastify/ajv-compiler': 1.1.0
      abstract-logging: 2.0.1
      avvio: 7.2.2
      fast-json-stringify: 2.7.13
      fastify-error: 0.3.1
      find-my-way: 4.5.1
      flatstr: 1.0.12
      light-my-request: 4.7.0
      pino: 6.13.4
      process-warning: 1.0.0
      proxy-addr: 2.0.7
      rfdc: 1.3.0
      secure-json-parse: 2.4.0
      semver: 7.3.5
      tiny-lru: 7.0.6
    transitivePeerDependencies:
      - supports-color
    dev: false

  /fastq/1.13.0:
    resolution: {integrity: sha512-YpkpUnK8od0o1hmeSc7UUs/eB/vIPWJYjKck2QKIzAf71Vm1AAQ3EbuZB3g2JIy+pg+ERD0vqI79KyZiB2e2Nw==}
    dependencies:
      reusify: 1.0.4
    dev: false

  /find-my-way/4.5.1:
    resolution: {integrity: sha512-kE0u7sGoUFbMXcOG/xpkmz4sRLCklERnBcg7Ftuu1iAxsfEt2S46RLJ3Sq7vshsEy2wJT2hZxE58XZK27qa8kg==}
    engines: {node: '>=10'}
    dependencies:
      fast-decode-uri-component: 1.0.1
      fast-deep-equal: 3.1.3
      safe-regex2: 2.0.0
      semver-store: 0.3.0
    dev: false

  /flatstr/1.0.12:
    resolution: {integrity: sha512-4zPxDyhCyiN2wIAtSLI6gc82/EjqZc1onI4Mz/l0pWrAlsSfYH/2ZIcU+e3oA2wDwbzIWNKwa23F8rh6+DRWkw==}
    dev: false

  /forwarded/0.2.0:
    resolution: {integrity: sha512-buRG0fpBtRHSTCOASe6hD258tEubFoRLb4ZNA6NxMVHNw2gOcwHo9wyablzMzOA5z9xA9L1KNjk/Nt6MT9aYow==}
    engines: {node: '>= 0.6'}
    dev: false

  /ipaddr.js/1.9.1:
    resolution: {integrity: sha512-0KI/607xoxSToH7GjN1FfSbLoU0+btTicjsQSWQlh/hZykN8KpmMf7uYwPW3R+akZ6R/w18ZlXSHBYXiYUPO3g==}
    engines: {node: '>= 0.10'}
    dev: false

  /json-schema-traverse/0.4.1:
    resolution: {integrity: sha512-xbbCH5dCYU5T8LcEhhuh7HJ88HXuW3qsI3Y0zOZFKfZEHcpWiHU/Jxzk629Brsab/mMiHQti9wMP+845RPe3Vg==}
    dev: false

  /json-schema-traverse/1.0.0:
    resolution: {integrity: sha512-NM8/P9n3XjXhIZn1lLhkFaACTOURQXjWhV4BA/RnOv8xvgqtqpAX9IO4mRQxSx1Rlo4tqzeqb0sOlruaOy3dug==}
    dev: false

  /light-my-request/4.7.0:
    resolution: {integrity: sha512-LTa8YZp3K2AUpqUnwwKajoIHcsKOBnzwJNQSrk7unziPwo6CjOYjyO0F9wfkxFvP+nBsCGe3eMPnedVgIIgdAw==}
    dependencies:
      ajv: 8.8.2
      cookie: 0.4.1
      fastify-warning: 0.2.0
      set-cookie-parser: 2.4.8
    dev: false

  /lru-cache/6.0.0:
    resolution: {integrity: sha512-Jo6dJ04CmSjuznwJSS3pUeWmd/H0ffTlkXXgwZi+eq1UCmqQwCh+eLsYOYCwY991i2Fah4h1BEMCx4qThGbsiA==}
    engines: {node: '>=10'}
    dependencies:
      yallist: 4.0.0
    dev: false

  /mnemonist/0.38.3:
    resolution: {integrity: sha512-2K9QYubXx/NAjv4VLq1d1Ly8pWNC5L3BrixtdkyTegXWJIqY+zLNDhhX/A+ZwWt70tB1S8H4BE8FLYEFyNoOBw==}
    dependencies:
      obliterator: 1.6.1
    dev: false

  /ms/2.1.2:
    resolution: {integrity: sha512-sGkPx+VjMtmA6MX27oA4FBFELFCZZ4S4XqeGOXCv68tT+jb3vk/RyaKWP0PTKyWtmLSM0b+adUTEvbs1PEaH2w==}
    dev: false

  /obliterator/1.6.1:
    resolution: {integrity: sha512-9WXswnqINnnhOG/5SLimUlzuU1hFJUc8zkwyD59Sd+dPOMf05PmnYG/d6Q7HZ+KmgkZJa1PxRso6QdM3sTNHig==}
    dev: false

  /pino-std-serializers/3.2.0:
    resolution: {integrity: sha512-EqX4pwDPrt3MuOAAUBMU0Tk5kR/YcCM5fNPEzgCO2zJ5HfX0vbiH9HbJglnyeQsN96Kznae6MWD47pZB5avTrg==}
    dev: false

  /pino/6.13.4:
    resolution: {integrity: sha512-g4tHSISmQJYUEKEMVdaZ+ZokWwFnTwZL5JPn+lnBVZ1BuBbrSchrXwQINknkM5+Q4fF6U9NjiI8PWwwMDHt9zA==}
    hasBin: true
    dependencies:
      fast-redact: 3.0.2
      fast-safe-stringify: 2.1.1
      flatstr: 1.0.12
      pino-std-serializers: 3.2.0
      process-warning: 1.0.0
      quick-format-unescaped: 4.0.4
      sonic-boom: 1.4.1
    dev: false

  /prettier/2.5.1:
    resolution: {integrity: sha512-vBZcPRUR5MZJwoyi3ZoyQlc1rXeEck8KgeC9AwwOn+exuxLxq5toTRDTSaVrXHxelDMHy9zlicw8u66yxoSUFg==}
    engines: {node: '>=10.13.0'}
    hasBin: true
    dev: true

  /process-warning/1.0.0:
    resolution: {integrity: sha512-du4wfLyj4yCZq1VupnVSZmRsPJsNuxoDQFdCFHLaYiEbFBD7QE0a+I4D7hOxrVnh78QE/YipFAj9lXHiXocV+Q==}
    dev: false

  /proxy-addr/2.0.7:
    resolution: {integrity: sha512-llQsMLSUDUPT44jdrU/O37qlnifitDP+ZwrmmZcoSKyLKvtZxpyV0n2/bD/N4tBAAZ/gJEdZU7KMraoK1+XYAg==}
    engines: {node: '>= 0.10'}
    dependencies:
      forwarded: 0.2.0
      ipaddr.js: 1.9.1
    dev: false

  /punycode/2.1.1:
    resolution: {integrity: sha512-XRsRjdf+j5ml+y/6GKHPZbrF/8p2Yga0JPtdqTIY2Xe5ohJPD9saDJJLPvp9+NSBprVvevdXZybnj2cv8OEd0A==}
    engines: {node: '>=6'}
    dev: false

  /queue-microtask/1.2.3:
    resolution: {integrity: sha512-NuaNSa6flKT5JaSYQzJok04JzTL1CA6aGhv5rfLW3PgqA+M2ChpZQnAC8h8i4ZFkBS8X5RqkDBHA7r4hej3K9A==}
    dev: false

  /quick-format-unescaped/4.0.4:
    resolution: {integrity: sha512-tYC1Q1hgyRuHgloV/YXs2w15unPVh8qfu/qCTfhTYamaw7fyhumKa2yGpdSo87vY32rIclj+4fWYQXUMs9EHvg==}
    dev: false

  /require-from-string/2.0.2:
    resolution: {integrity: sha512-Xf0nWe6RseziFMu+Ap9biiUbmplq6S9/p+7w7YXP/JBHhrUDDUhwa+vANyubuqfZWTveU//DYVGsDG7RKL/vEw==}
    engines: {node: '>=0.10.0'}
    dev: false

  /ret/0.2.2:
    resolution: {integrity: sha512-M0b3YWQs7R3Z917WRQy1HHA7Ba7D8hvZg6UE5mLykJxQVE2ju0IXbGlaHPPlkY+WN7wFP+wUMXmBFA0aV6vYGQ==}
    engines: {node: '>=4'}
    dev: false

  /reusify/1.0.4:
    resolution: {integrity: sha512-U9nH88a3fc/ekCF1l0/UP1IosiuIjyTh7hBvXVMHYgVcfGvt897Xguj2UOLDeI5BG2m7/uwyaLVT6fbtCwTyzw==}
    engines: {iojs: '>=1.0.0', node: '>=0.10.0'}
    dev: false

  /rfdc/1.3.0:
    resolution: {integrity: sha512-V2hovdzFbOi77/WajaSMXk2OLm+xNIeQdMMuB7icj7bk6zi2F8GGAxigcnDFpJHbNyNcgyJDiP+8nOrY5cZGrA==}
    dev: false

  /safe-regex2/2.0.0:
    resolution: {integrity: sha512-PaUSFsUaNNuKwkBijoAPHAK6/eM6VirvyPWlZ7BAQy4D+hCvh4B6lIG+nPdhbFfIbP+gTGBcrdsOaUs0F+ZBOQ==}
    dependencies:
      ret: 0.2.2
    dev: false

  /secure-json-parse/2.4.0:
    resolution: {integrity: sha512-Q5Z/97nbON5t/L/sH6mY2EacfjVGwrCcSi5D3btRO2GZ8pf1K1UN7Z9H5J57hjVU2Qzxr1xO+FmBhOvEkzCMmg==}
    dev: false

  /semver-store/0.3.0:
    resolution: {integrity: sha512-TcZvGMMy9vodEFSse30lWinkj+JgOBvPn8wRItpQRSayhc+4ssDs335uklkfvQQJgL/WvmHLVj4Ycv2s7QCQMg==}
    dev: false

  /semver/7.3.5:
    resolution: {integrity: sha512-PoeGJYh8HK4BTO/a9Tf6ZG3veo/A7ZVsYrSA6J8ny9nb3B1VrpkuN+z9OE5wfE5p6H4LchYZsegiQgbJD94ZFQ==}
    engines: {node: '>=10'}
    hasBin: true
    dependencies:
      lru-cache: 6.0.0
    dev: false

  /set-cookie-parser/2.4.8:
    resolution: {integrity: sha512-edRH8mBKEWNVIVMKejNnuJxleqYE/ZSdcT8/Nem9/mmosx12pctd80s2Oy00KNZzrogMZS5mauK2/ymL1bvlvg==}
    dev: false

  /sonic-boom/1.4.1:
    resolution: {integrity: sha512-LRHh/A8tpW7ru89lrlkU4AszXt1dbwSjVWguGrmlxE7tawVmDBlI1PILMkXAxJTwqhgsEeTHzj36D5CmHgQmNg==}
    dependencies:
      atomic-sleep: 1.0.0
      flatstr: 1.0.12
    dev: false

  /string-similarity/4.0.4:
    resolution: {integrity: sha512-/q/8Q4Bl4ZKAPjj8WerIBJWALKkaPRfrvhfF8k/B23i4nzrlRj2/go1m90In7nG/3XDSbOo0+pu6RvCTM9RGMQ==}
    dev: false

  /tiny-lru/7.0.6:
    resolution: {integrity: sha512-zNYO0Kvgn5rXzWpL0y3RS09sMK67eGaQj9805jlK9G6pSadfriTczzLHFXa/xcW4mIRfmlB9HyQ/+SgL0V1uow==}
    engines: {node: '>=6'}
    dev: false

  /tslib/1.14.1:
    resolution: {integrity: sha512-Xni35NKzjgMrwevysHTCArtLDpPvye8zV/0E4EyYn43P7/7qvQwPh9BGkHewbMulVntbigmcT7rdX3BNo9wRJg==}
    dev: false

  /tslib/2.3.1:
    resolution: {integrity: sha512-77EbyPPpMz+FRFRuAFlWMtmgUWGe9UOG2Z25NqCwiIjRhOf5iKGuzSe5P2w1laq+FkRy4p+PCuVkJSGkzTEKVw==}
    dev: false

  /uri-js/4.4.1:
    resolution: {integrity: sha512-7rKUyy33Q1yc98pQ1DAmLtwX109F7TIfWlW1Ydo8Wl1ii1SeHieeh0HHfPeL2fMXK6z0s8ecKs9frCuLJvndBg==}
    dependencies:
      punycode: 2.1.1
    dev: false

  /uuid/8.3.2:
    resolution: {integrity: sha512-+NYs2QeMWy+GWFOEm9xnn6HCDp0l7QBD7ml8zLUmJ+93Q5NF0NocErnwkTkXVFNiX3/fpC6afS8Dhb/gz7R7eg==}
    hasBin: true
    dev: false

  /yallist/4.0.0:
    resolution: {integrity: sha512-3wdGidZyq5PB084XLES5TpOSRA3wjXAlIWMhum2kRcv/41Sn2emQ0dycQW4uZXLejwKvg6EsvbdlVL+FYEct7A==}
    dev: false
